
Microsoft Visual Studio Solution File, Format Version 12.00
# Visual Studio Version 16
VisualStudioVersion = 16.0.30709.132
MinimumVisualStudioVersion = 10.0.40219.1
Project("{9A19103F-16F7-4668-BE54-9A1E7A4F7556}") = "VH.Core.Middleware", "VH.Core.Middleware\VH.Core.Middleware.csproj", "{5ED62983-AB95-470F-9685-EE2D82AF099A}"
EndProject
Project("{9A19103F-16F7-4668-BE54-9A1E7A4F7556}") = "VH.Core.Mapping", "VH.Core.Mapping\VH.Core.Mapping.csproj", "{6F5393B0-04EF-430B-B3F2-97B578E899FD}"
EndProject
Project("{9A19103F-16F7-4668-BE54-9A1E7A4F7556}") = "VH.Core.Mapping.UnitTests", "VH.Core.Mapping.UnitTests\VH.Core.Mapping.UnitTests.csproj", "{798B4F34-F586-43BE-A3AA-E4F1E9D8C0FF}"
EndProject
Project("{9A19103F-16F7-4668-BE54-9A1E7A4F7556}") = "VH.Core.Middleware.UnitTests", "VH.Core.Middleware.UnitTests\VH.Core.Middleware.UnitTests.csproj", "{B7F02B09-0D0E-47A3-843F-EACA781FEDCD}"
EndProject
Project("{2150E333-8FDC-42A3-9474-1A3956D46DE8}") = "Tests", "Tests", "{40A0B317-0D7F-4027-9C76-F5344C3D12C0}"
EndProject
Project("{FAE04EC0-301F-11D3-BF4B-00C04F79EFBC}") = "VH.Core.Configuration", "VH.Core.Configuration\VH.Core.Configuration.csproj", "{BC94C2F0-6A28-4E15-93BD-60EA70B6C32E}"
Project("{2150E333-8FDC-42A3-9474-1A3956D46DE8}") = "Solution Items", "Solution Items", "{B60F0530-9FC8-4DB0-A4C0-C1A9F86FD3AC}"
	ProjectSection(SolutionItems) = preProject
		.editorconfig = .editorconfig
	EndProjectSection
EndProject
Global
	GlobalSection(SolutionConfigurationPlatforms) = preSolution
		Debug|Any CPU = Debug|Any CPU
		Release|Any CPU = Release|Any CPU
	EndGlobalSection
	GlobalSection(ProjectConfigurationPlatforms) = postSolution
		{5ED62983-AB95-470F-9685-EE2D82AF099A}.Debug|Any CPU.ActiveCfg = Debug|Any CPU
		{5ED62983-AB95-470F-9685-EE2D82AF099A}.Debug|Any CPU.Build.0 = Debug|Any CPU
		{5ED62983-AB95-470F-9685-EE2D82AF099A}.Release|Any CPU.ActiveCfg = Release|Any CPU
		{5ED62983-AB95-470F-9685-EE2D82AF099A}.Release|Any CPU.Build.0 = Release|Any CPU
		{6F5393B0-04EF-430B-B3F2-97B578E899FD}.Debug|Any CPU.ActiveCfg = Debug|Any CPU
		{6F5393B0-04EF-430B-B3F2-97B578E899FD}.Debug|Any CPU.Build.0 = Debug|Any CPU
		{6F5393B0-04EF-430B-B3F2-97B578E899FD}.Release|Any CPU.ActiveCfg = Release|Any CPU
		{6F5393B0-04EF-430B-B3F2-97B578E899FD}.Release|Any CPU.Build.0 = Release|Any CPU
		{798B4F34-F586-43BE-A3AA-E4F1E9D8C0FF}.Debug|Any CPU.ActiveCfg = Debug|Any CPU
		{798B4F34-F586-43BE-A3AA-E4F1E9D8C0FF}.Debug|Any CPU.Build.0 = Debug|Any CPU
		{798B4F34-F586-43BE-A3AA-E4F1E9D8C0FF}.Release|Any CPU.ActiveCfg = Release|Any CPU
		{798B4F34-F586-43BE-A3AA-E4F1E9D8C0FF}.Release|Any CPU.Build.0 = Release|Any CPU
		{B7F02B09-0D0E-47A3-843F-EACA781FEDCD}.Debug|Any CPU.ActiveCfg = Debug|Any CPU
		{B7F02B09-0D0E-47A3-843F-EACA781FEDCD}.Debug|Any CPU.Build.0 = Debug|Any CPU
		{B7F02B09-0D0E-47A3-843F-EACA781FEDCD}.Release|Any CPU.ActiveCfg = Release|Any CPU
		{B7F02B09-0D0E-47A3-843F-EACA781FEDCD}.Release|Any CPU.Build.0 = Release|Any CPU
		{BC94C2F0-6A28-4E15-93BD-60EA70B6C32E}.Debug|Any CPU.ActiveCfg = Debug|Any CPU
		{BC94C2F0-6A28-4E15-93BD-60EA70B6C32E}.Debug|Any CPU.Build.0 = Debug|Any CPU
		{BC94C2F0-6A28-4E15-93BD-60EA70B6C32E}.Release|Any CPU.ActiveCfg = Release|Any CPU
		{BC94C2F0-6A28-4E15-93BD-60EA70B6C32E}.Release|Any CPU.Build.0 = Release|Any CPU
	EndGlobalSection
	GlobalSection(SolutionProperties) = preSolution
		HideSolutionNode = FALSE
	EndGlobalSection
	GlobalSection(NestedProjects) = preSolution
		{798B4F34-F586-43BE-A3AA-E4F1E9D8C0FF} = {40A0B317-0D7F-4027-9C76-F5344C3D12C0}
		{B7F02B09-0D0E-47A3-843F-EACA781FEDCD} = {40A0B317-0D7F-4027-9C76-F5344C3D12C0}
	EndGlobalSection
	GlobalSection(ExtensibilityGlobals) = postSolution
		SolutionGuid = {458871E8-CAC4-498B-B20E-1BC5A1F54157}
	EndGlobalSection
EndGlobal
